
Microsoft Visual Studio Solution File, Format Version 12.00
# Visual Studio 15
Project("{FAE04EC0-301F-11D3-BF4B-00C04F79EFBC}") = "Assembly-CSharp", "Assembly-CSharp.csproj", "{E942236C-CC8C-EF69-D74A-0849AD07B0E7}"
EndProject
Project("{FAE04EC0-301F-11D3-BF4B-00C04F79EFBC}") = "Assembly-CSharp-Editor", "Assembly-CSharp-Editor.csproj", "{7F4EAB3D-AE6A-F8A2-6345-530CE1C73F22}"
EndProject
Global
	GlobalSection(SolutionConfigurationPlatforms) = preSolution
		Debug|Any CPU = Debug|Any CPU
		Release|Any CPU = Release|Any CPU
	EndGlobalSection
	GlobalSection(ProjectConfigurationPlatforms) = postSolution
		{E942236C-CC8C-EF69-D74A-0849AD07B0E7}.Debug|Any CPU.ActiveCfg = Debug|Any CPU
		{E942236C-CC8C-EF69-D74A-0849AD07B0E7}.Debug|Any CPU.Build.0 = Debug|Any CPU
		{E942236C-CC8C-EF69-D74A-0849AD07B0E7}.Release|Any CPU.ActiveCfg = Release|Any CPU
		{E942236C-CC8C-EF69-D74A-0849AD07B0E7}.Release|Any CPU.Build.0 = Release|Any CPU
		{7F4EAB3D-AE6A-F8A2-6345-530CE1C73F22}.Debug|Any CPU.ActiveCfg = Debug|Any CPU
		{7F4EAB3D-AE6A-F8A2-6345-530CE1C73F22}.Debug|Any CPU.Build.0 = Debug|Any CPU
		{7F4EAB3D-AE6A-F8A2-6345-530CE1C73F22}.Release|Any CPU.ActiveCfg = Release|Any CPU
		{7F4EAB3D-AE6A-F8A2-6345-530CE1C73F22}.Release|Any CPU.Build.0 = Release|Any CPU
	EndGlobalSection
	GlobalSection(SolutionProperties) = preSolution
		HideSolutionNode = FALSE
	EndGlobalSection
EndGlobal
